
Microsoft Visual Studio Solution File, Format Version 12.00
# Visual Studio Version 17
VisualStudioVersion = 17.14.36109.1 d17.14
MinimumVisualStudioVersion = 10.0.40219.1
Project("{FAE04EC0-301F-11D3-BF4B-00C04F79EFBC}") = "random_image_generator", "random_image_generator\random_image_generator.csproj", "{90213293-AD57-4927-B043-0893AFFE0512}"
EndProject
Global
	GlobalSection(SolutionConfigurationPlatforms) = preSolution
		Debug|Any CPU = Debug|Any CPU
		Release|Any CPU = Release|Any CPU
	EndGlobalSection
	GlobalSection(ProjectConfigurationPlatforms) = postSolution
		{90213293-AD57-4927-B043-0893AFFE0512}.Debug|Any CPU.ActiveCfg = Debug|Any CPU
		{90213293-AD57-4927-B043-0893AFFE0512}.Debug|Any CPU.Build.0 = Debug|Any CPU
		{90213293-AD57-4927-B043-0893AFFE0512}.Release|Any CPU.ActiveCfg = Release|Any CPU
		{90213293-AD57-4927-B043-0893AFFE0512}.Release|Any CPU.Build.0 = Release|Any CPU
	EndGlobalSection
	GlobalSection(SolutionProperties) = preSolution
		HideSolutionNode = FALSE
	EndGlobalSection
	GlobalSection(ExtensibilityGlobals) = postSolution
		SolutionGuid = {51D9191A-0D88-4188-8AEC-3D6221DABFDE}
	EndGlobalSection
EndGlobal
